// !$*UTF8*$!
{
	archiveVersion = 1;
	classes = {
	};
	objectVersion = 56;
	objects = {

/* Begin PBXBuildFile section */
		F9030C422C12D422006588BB /* Searchable.swift in Sources */ = {isa = PBXBuildFile; fileRef = F9030C412C12D422006588BB /* Searchable.swift */; };
		F910165A2C1B3D280065AD1B /* ConnectionUpdateFormView.swift in Sources */ = {isa = PBXBuildFile; fileRef = F91016592C1B3D280065AD1B /* ConnectionUpdateFormView.swift */; };
		F91AE7082C0B87590045D6F5 /* BlessqlNativeApp.swift in Sources */ = {isa = PBXBuildFile; fileRef = F91AE7072C0B87590045D6F5 /* BlessqlNativeApp.swift */; };
		F91AE70A2C0B87590045D6F5 /* ContentView.swift in Sources */ = {isa = PBXBuildFile; fileRef = F91AE7092C0B87590045D6F5 /* ContentView.swift */; };
		F91AE70C2C0B875A0045D6F5 /* Assets.xcassets in Resources */ = {isa = PBXBuildFile; fileRef = F91AE70B2C0B875A0045D6F5 /* Assets.xcassets */; };
		F91AE70F2C0B875A0045D6F5 /* Preview Assets.xcassets in Resources */ = {isa = PBXBuildFile; fileRef = F91AE70E2C0B875A0045D6F5 /* Preview Assets.xcassets */; };
		F91C94FC2C28871200F3A94E /* PostgresClientKit in Frameworks */ = {isa = PBXBuildFile; productRef = F91C94FB2C28871200F3A94E /* PostgresClientKit */; };
		F91C95012C28876400F3A94E /* DatabaseConnection.swift in Sources */ = {isa = PBXBuildFile; fileRef = F91C95002C28876400F3A94E /* DatabaseConnection.swift */; };
		F9AA00012C5CBF1C004C7E57 /* DatabaseManager.swift in Sources */ = {isa = PBXBuildFile; fileRef = F9AA00002C5CBF1C004C7E57 /* DatabaseManager.swift */; };
		F91C95052C29B00800F3A94E /* SecureInput.swift in Sources */ = {isa = PBXBuildFile; fileRef = F91C95042C29B00800F3A94E /* SecureInput.swift */; };
		F9BC08402C57A4EF0008F7E1 /* TableRow.swift in Sources */ = {isa = PBXBuildFile; fileRef = F9BC083F2C57A4EF0008F7E1 /* TableRow.swift */; };
		F9C206CC2C11A00C0072A95D /* ConnectionView.swift in Sources */ = {isa = PBXBuildFile; fileRef = F9C206CB2C11A00C0072A95D /* ConnectionView.swift */; };
		F9C206D62C11AA960072A95D /* Color.swift in Sources */ = {isa = PBXBuildFile; fileRef = F9C206D52C11AA960072A95D /* Color.swift */; };
		F9CDBED22C184972004FDAA4 /* Connection.swift in Sources */ = {isa = PBXBuildFile; fileRef = F9CDBED12C184972004FDAA4 /* Connection.swift */; };
		F9D02FBD2C4A228800CEE7C4 /* Storage.swift in Sources */ = {isa = PBXBuildFile; fileRef = F9D02FBC2C4A228800CEE7C4 /* Storage.swift */; };
		F9D708A02C16FC35004CED03 /* ConnectionFormView.swift in Sources */ = {isa = PBXBuildFile; fileRef = F9D7089F2C16FC35004CED03 /* ConnectionFormView.swift */; };
		F9D708A22C16FE94004CED03 /* InputText.swift in Sources */ = {isa = PBXBuildFile; fileRef = F9D708A12C16FE94004CED03 /* InputText.swift */; };
		F9DB9AFF2C12A86700B5BE56 /* ConnectionListView.swift in Sources */ = {isa = PBXBuildFile; fileRef = F9DB9AFE2C12A86700B5BE56 /* ConnectionListView.swift */; };
		F9F10E722C5CBF1C004C7E57 /* Resizer.swift in Sources */ = {isa = PBXBuildFile; fileRef = F9F10E712C5CBF1C004C7E57 /* Resizer.swift */; };
		F9AA10012C6ABF1C004C7E57 /* TableContentView.swift in Sources */ = {isa = PBXBuildFile; fileRef = F9AA10002C6ABF1C004C7E57 /* TableContentView.swift */; };
		F9AA10032C6ABF1C004C7E57 /* TableStructureView.swift in Sources */ = {isa = PBXBuildFile; fileRef = F9AA10022C6ABF1C004C7E57 /* TableStructureView.swift */; };
		F9AA10052C6ABF1C004C7E57 /* QueryEditorView.swift in Sources */ = {isa = PBXBuildFile; fileRef = F9AA10042C6ABF1C004C7E57 /* QueryEditorView.swift */; };
		AA0000022D6E000100000001 /* WorkspaceTab.swift in Sources */ = {isa = PBXBuildFile; fileRef = AA0000012D6E000100000001 /* WorkspaceTab.swift */; };
		AA0000042D6E000100000002 /* TabManager.swift in Sources */ = {isa = PBXBuildFile; fileRef = AA0000032D6E000100000002 /* TabManager.swift */; };
		AA0000062D6E000100000003 /* TabBarView.swift in Sources */ = {isa = PBXBuildFile; fileRef = AA0000052D6E000100000003 /* TabBarView.swift */; };
/* End PBXBuildFile section */

/* Begin PBXFileReference section */
		F9030C412C12D422006588BB /* Searchable.swift */ = {isa = PBXFileReference; lastKnownFileType = sourcecode.swift; path = Searchable.swift; sourceTree = "<group>"; };
		F91016592C1B3D280065AD1B /* ConnectionUpdateFormView.swift */ = {isa = PBXFileReference; lastKnownFileType = sourcecode.swift; path = ConnectionUpdateFormView.swift; sourceTree = "<group>"; };
		F91AE7042C0B87590045D6F5 /* BlessqlNative.app */ = {isa = PBXFileReference; explicitFileType = wrapper.application; includeInIndex = 0; path = BlessqlNative.app; sourceTree = BUILT_PRODUCTS_DIR; };
		F91AE7072C0B87590045D6F5 /* BlessqlNativeApp.swift */ = {isa = PBXFileReference; lastKnownFileType = sourcecode.swift; path = BlessqlNativeApp.swift; sourceTree = "<group>"; };
		F91AE7092C0B87590045D6F5 /* ContentView.swift */ = {isa = PBXFileReference; lastKnownFileType = sourcecode.swift; path = ContentView.swift; sourceTree = "<group>"; };
		F91AE70B2C0B875A0045D6F5 /* Assets.xcassets */ = {isa = PBXFileReference; lastKnownFileType = folder.assetcatalog; path = Assets.xcassets; sourceTree = "<group>"; };
		F91AE70E2C0B875A0045D6F5 /* Preview Assets.xcassets */ = {isa = PBXFileReference; lastKnownFileType = folder.assetcatalog; path = "Preview Assets.xcassets"; sourceTree = "<group>"; };
		F91AE7102C0B875A0045D6F5 /* BlessqlNative.entitlements */ = {isa = PBXFileReference; lastKnownFileType = text.plist.entitlements; path = BlessqlNative.entitlements; sourceTree = "<group>"; };
		F91C95002C28876400F3A94E /* DatabaseConnection.swift */ = {isa = PBXFileReference; lastKnownFileType = sourcecode.swift; path = DatabaseConnection.swift; sourceTree = "<group>"; };
		F9AA00002C5CBF1C004C7E57 /* DatabaseManager.swift */ = {isa = PBXFileReference; lastKnownFileType = sourcecode.swift; path = DatabaseManager.swift; sourceTree = "<group>"; };
		F91C95042C29B00800F3A94E /* SecureInput.swift */ = {isa = PBXFileReference; lastKnownFileType = sourcecode.swift; path = SecureInput.swift; sourceTree = "<group>"; };
		F9BC083F2C57A4EF0008F7E1 /* TableRow.swift */ = {isa = PBXFileReference; lastKnownFileType = sourcecode.swift; path = TableRow.swift; sourceTree = "<group>"; };
		F9C206CB2C11A00C0072A95D /* ConnectionView.swift */ = {isa = PBXFileReference; lastKnownFileType = sourcecode.swift; path = ConnectionView.swift; sourceTree = "<group>"; };
		F9C206D52C11AA960072A95D /* Color.swift */ = {isa = PBXFileReference; lastKnownFileType = sourcecode.swift; path = Color.swift; sourceTree = "<group>"; };
		F9CDBED12C184972004FDAA4 /* Connection.swift */ = {isa = PBXFileReference; lastKnownFileType = sourcecode.swift; path = Connection.swift; sourceTree = "<group>"; };
		F9D02FBC2C4A228800CEE7C4 /* Storage.swift */ = {isa = PBXFileReference; lastKnownFileType = sourcecode.swift; path = Storage.swift; sourceTree = "<group>"; };
		F9D7089F2C16FC35004CED03 /* ConnectionFormView.swift */ = {isa = PBXFileReference; lastKnownFileType = sourcecode.swift; path = ConnectionFormView.swift; sourceTree = "<group>"; };
		F9D708A12C16FE94004CED03 /* InputText.swift */ = {isa = PBXFileReference; lastKnownFileType = sourcecode.swift; path = InputText.swift; sourceTree = "<group>"; };
		F9DB9AFE2C12A86700B5BE56 /* ConnectionListView.swift */ = {isa = PBXFileReference; lastKnownFileType = sourcecode.swift; path = ConnectionListView.swift; sourceTree = "<group>"; };
		F9F10E712C5CBF1C004C7E57 /* Resizer.swift */ = {isa = PBXFileReference; lastKnownFileType = sourcecode.swift; path = Resizer.swift; sourceTree = "<group>"; };
		F9AA10002C6ABF1C004C7E57 /* TableContentView.swift */ = {isa = PBXFileReference; lastKnownFileType = sourcecode.swift; path = TableContentView.swift; sourceTree = "<group>"; };
		F9AA10022C6ABF1C004C7E57 /* TableStructureView.swift */ = {isa = PBXFileReference; lastKnownFileType = sourcecode.swift; path = TableStructureView.swift; sourceTree = "<group>"; };
		F9AA10042C6ABF1C004C7E57 /* QueryEditorView.swift */ = {isa = PBXFileReference; lastKnownFileType = sourcecode.swift; path = QueryEditorView.swift; sourceTree = "<group>"; };
		AA0000012D6E000100000001 /* WorkspaceTab.swift */ = {isa = PBXFileReference; lastKnownFileType = sourcecode.swift; path = WorkspaceTab.swift; sourceTree = "<group>"; };
		AA0000032D6E000100000002 /* TabManager.swift */ = {isa = PBXFileReference; lastKnownFileType = sourcecode.swift; path = TabManager.swift; sourceTree = "<group>"; };
		AA0000052D6E000100000003 /* TabBarView.swift */ = {isa = PBXFileReference; lastKnownFileType = sourcecode.swift; path = TabBarView.swift; sourceTree = "<group>"; };
/* End PBXFileReference section */

/* Begin PBXFrameworksBuildPhase section */
		F91AE7012C0B87590045D6F5 /* Frameworks */ = {
			isa = PBXFrameworksBuildPhase;
			buildActionMask = 2147483647;
			files = (
				F91C94FC2C28871200F3A94E /* PostgresClientKit in Frameworks */,
			);
			runOnlyForDeploymentPostprocessing = 0;
		};
/* End PBXFrameworksBuildPhase section */

/* Begin PBXGroup section */
		F91AE6FB2C0B87590045D6F5 = {
			isa = PBXGroup;
			children = (
				F91AE7062C0B87590045D6F5 /* BlessqlNative */,
				F91AE7052C0B87590045D6F5 /* Products */,
			);
			sourceTree = "<group>";
		};
		F91AE7052C0B87590045D6F5 /* Products */ = {
			isa = PBXGroup;
			children = (
				F91AE7042C0B87590045D6F5 /* BlessqlNative.app */,
			);
			name = Products;
			sourceTree = "<group>";
		};
		F91AE7062C0B87590045D6F5 /* BlessqlNative */ = {
			isa = PBXGroup;
			children = (
				F9C206D42C11AA850072A95D /* Extension */,
				F91AE7162C0B88020045D6F5 /* Model */,
				F91C94FE2C28873200F3A94E /* Postgres */,
				F9AA10062C6ABF1C004C7E57 /* Views */,
				F91AE7072C0B87590045D6F5 /* BlessqlNativeApp.swift */,
				F91AE7092C0B87590045D6F5 /* ContentView.swift */,
				F9C206CB2C11A00C0072A95D /* ConnectionView.swift */,
				F9DB9AFE2C12A86700B5BE56 /* ConnectionListView.swift */,
				F9D7089F2C16FC35004CED03 /* ConnectionFormView.swift */,
				F91016592C1B3D280065AD1B /* ConnectionUpdateFormView.swift */,
				AA0000032D6E000100000002 /* TabManager.swift */,
				F91AE70B2C0B875A0045D6F5 /* Assets.xcassets */,
				F91AE7102C0B875A0045D6F5 /* BlessqlNative.entitlements */,
				F91AE70D2C0B875A0045D6F5 /* Preview Content */,
			);
			path = BlessqlNative;
			sourceTree = "<group>";
		};
		F91AE70D2C0B875A0045D6F5 /* Preview Content */ = {
			isa = PBXGroup;
			children = (
				F91AE70E2C0B875A0045D6F5 /* Preview Assets.xcassets */,
			);
			path = "Preview Content";
			sourceTree = "<group>";
		};
		F91AE7162C0B88020045D6F5 /* Model */ = {
			isa = PBXGroup;
			children = (
				F9CDBED12C184972004FDAA4 /* Connection.swift */,
				F9D02FBC2C4A228800CEE7C4 /* Storage.swift */,
				F9BC083F2C57A4EF0008F7E1 /* TableRow.swift */,
				AA0000012D6E000100000001 /* WorkspaceTab.swift */,
			);
			path = Model;
			sourceTree = "<group>";
		};
		F91C94FE2C28873200F3A94E /* Postgres */ = {
			isa = PBXGroup;
			children = (
				F91C95002C28876400F3A94E /* DatabaseConnection.swift */,
				F9AA00002C5CBF1C004C7E57 /* DatabaseManager.swift */,
			);
			path = Postgres;
			sourceTree = "<group>";
		};
		F9AA10062C6ABF1C004C7E57 /* Views */ = {
			isa = PBXGroup;
			children = (
				F9AA10002C6ABF1C004C7E57 /* TableContentView.swift */,
				F9AA10022C6ABF1C004C7E57 /* TableStructureView.swift */,
				F9AA10042C6ABF1C004C7E57 /* QueryEditorView.swift */,
				AA0000052D6E000100000003 /* TabBarView.swift */,
			);
			path = Views;
			sourceTree = "<group>";
		};
		F9C206D42C11AA850072A95D /* Extension */ = {
			isa = PBXGroup;
			children = (
				F9C206D52C11AA960072A95D /* Color.swift */,
				F9030C412C12D422006588BB /* Searchable.swift */,
				F9D708A12C16FE94004CED03 /* InputText.swift */,
				F91C95042C29B00800F3A94E /* SecureInput.swift */,
				F9F10E712C5CBF1C004C7E57 /* Resizer.swift */,
			);
			path = Extension;
			sourceTree = "<group>";
		};
/* End PBXGroup section */

/* Begin PBXNativeTarget section */
		F91AE7032C0B87590045D6F5 /* BlessqlNative */ = {
			isa = PBXNativeTarget;
			buildConfigurationList = F91AE7132C0B875A0045D6F5 /* Build configuration list for PBXNativeTarget "BlessqlNative" */;
			buildPhases = (
				F91AE7002C0B87590045D6F5 /* Sources */,
				F91AE7012C0B87590045D6F5 /* Frameworks */,
				F91AE7022C0B87590045D6F5 /* Resources */,
			);
			buildRules = (
			);
			dependencies = (
			);
			name = BlessqlNative;
			packageProductDependencies = (
				F91C94FB2C28871200F3A94E /* PostgresClientKit */,
			);
			productName = BlessqlNative;
			productReference = F91AE7042C0B87590045D6F5 /* BlessqlNative.app */;
			productType = "com.apple.product-type.application";
		};
/* End PBXNativeTarget section */

/* Begin PBXProject section */
		F91AE6FC2C0B87590045D6F5 /* Project object */ = {
			isa = PBXProject;
			attributes = {
				BuildIndependentTargetsInParallel = 1;
				LastSwiftUpdateCheck = 1520;
				LastUpgradeCheck = 1540;
				TargetAttributes = {
					F91AE7032C0B87590045D6F5 = {
						CreatedOnToolsVersion = 15.2;
					};
				};
			};
			buildConfigurationList = F91AE6FF2C0B87590045D6F5 /* Build configuration list for PBXProject "BlessqlNative" */;
			compatibilityVersion = "Xcode 14.0";
			developmentRegion = en;
			hasScannedForEncodings = 0;
			knownRegions = (
				en,
				Base,
			);
			mainGroup = F91AE6FB2C0B87590045D6F5;
			packageReferences = (
				F91C94FA2C28871200F3A94E /* XCRemoteSwiftPackageReference "PostgresClientKit" */,
			);
			productRefGroup = F91AE7052C0B87590045D6F5 /* Products */;
			projectDirPath = "";
			projectRoot = "";
			targets = (
				F91AE7032C0B87590045D6F5 /* BlessqlNative */,
			);
		};
/* End PBXProject section */

/* Begin PBXResourcesBuildPhase section */
		F91AE7022C0B87590045D6F5 /* Resources */ = {
			isa = PBXResourcesBuildPhase;
			buildActionMask = 2147483647;
			files = (
				F91AE70F2C0B875A0045D6F5 /* Preview Assets.xcassets in Resources */,
				F91AE70C2C0B875A0045D6F5 /* Assets.xcassets in Resources */,
			);
			runOnlyForDeploymentPostprocessing = 0;
		};
/* End PBXResourcesBuildPhase section */

/* Begin PBXSourcesBuildPhase section */
		F91AE7002C0B87590045D6F5 /* Sources */ = {
			isa = PBXSourcesBuildPhase;
			buildActionMask = 2147483647;
			files = (
				F910165A2C1B3D280065AD1B /* ConnectionUpdateFormView.swift in Sources */,
				F9D02FBD2C4A228800CEE7C4 /* Storage.swift in Sources */,
				F9CDBED22C184972004FDAA4 /* Connection.swift in Sources */,
				F9030C422C12D422006588BB /* Searchable.swift in Sources */,
				F9D708A02C16FC35004CED03 /* ConnectionFormView.swift in Sources */,
				F9DB9AFF2C12A86700B5BE56 /* ConnectionListView.swift in Sources */,
				F91C95052C29B00800F3A94E /* SecureInput.swift in Sources */,
				F91C95012C28876400F3A94E /* DatabaseConnection.swift in Sources */,
				F9AA00012C5CBF1C004C7E57 /* DatabaseManager.swift in Sources */,
				F91AE70A2C0B87590045D6F5 /* ContentView.swift in Sources */,
				F9C206D62C11AA960072A95D /* Color.swift in Sources */,
				F9BC08402C57A4EF0008F7E1 /* TableRow.swift in Sources */,
				F9C206CC2C11A00C0072A95D /* ConnectionView.swift in Sources */,
				F91AE7082C0B87590045D6F5 /* BlessqlNativeApp.swift in Sources */,
				F9F10E722C5CBF1C004C7E57 /* Resizer.swift in Sources */,
				F9D708A22C16FE94004CED03 /* InputText.swift in Sources */,
				F9AA10012C6ABF1C004C7E57 /* TableContentView.swift in Sources */,
				F9AA10032C6ABF1C004C7E57 /* TableStructureView.swift in Sources */,
				F9AA10052C6ABF1C004C7E57 /* QueryEditorView.swift in Sources */,
				AA0000022D6E000100000001 /* WorkspaceTab.swift in Sources */,
				AA0000042D6E000100000002 /* TabManager.swift in Sources */,
				AA0000062D6E000100000003 /* TabBarView.swift in Sources */,
			);
			runOnlyForDeploymentPostprocessing = 0;
		};
/* End PBXSourcesBuildPhase section */

/* Begin XCBuildConfiguration section */
		F91AE7112C0B875A0045D6F5 /* Debug */ = {
			isa = XCBuildConfiguration;
			buildSettings = {
				ALWAYS_SEARCH_USER_PATHS = NO;
				ASSETCATALOG_COMPILER_GENERATE_SWIFT_ASSET_SYMBOL_EXTENSIONS = YES;
				CLANG_ANALYZER_NONNULL = YES;
				CLANG_ANALYZER_NUMBER_OBJECT_CONVERSION = YES_AGGRESSIVE;
				CLANG_CXX_LANGUAGE_STANDARD = "gnu++20";
				CLANG_ENABLE_MODULES = YES;
				CLANG_ENABLE_OBJC_ARC = YES;
				CLANG_ENABLE_OBJC_WEAK = YES;
				CLANG_WARN_BLOCK_CAPTURE_AUTORELEASING = YES;
				CLANG_WARN_BOOL_CONVERSION = YES;
				CLANG_WARN_COMMA = YES;
				CLANG_WARN_CONSTANT_CONVERSION = YES;
				CLANG_WARN_DEPRECATED_OBJC_IMPLEMENTATIONS = YES;
				CLANG_WARN_DIRECT_OBJC_ISA_USAGE = YES_ERROR;
				CLANG_WARN_DOCUMENTATION_COMMENTS = YES;
				CLANG_WARN_EMPTY_BODY = YES;
				CLANG_WARN_ENUM_CONVERSION = YES;
				CLANG_WARN_INFINITE_RECURSION = YES;
				CLANG_WARN_INT_CONVERSION = YES;
				CLANG_WARN_NON_LITERAL_NULL_CONVERSION = YES;
				CLANG_WARN_OBJC_IMPLICIT_RETAIN_SELF = YES;
				CLANG_WARN_OBJC_LITERAL_CONVERSION = YES;
				CLANG_WARN_OBJC_ROOT_CLASS = YES_ERROR;
				CLANG_WARN_QUOTED_INCLUDE_IN_FRAMEWORK_HEADER = YES;
				CLANG_WARN_RANGE_LOOP_ANALYSIS = YES;
				CLANG_WARN_STRICT_PROTOTYPES = YES;
				CLANG_WARN_SUSPICIOUS_MOVE = YES;
				CLANG_WARN_UNGUARDED_AVAILABILITY = YES_AGGRESSIVE;
				CLANG_WARN_UNREACHABLE_CODE = YES;
				CLANG_WARN__DUPLICATE_METHOD_MATCH = YES;
				COPY_PHASE_STRIP = NO;
				DEAD_CODE_STRIPPING = YES;
				DEBUG_INFORMATION_FORMAT = dwarf;
				ENABLE_STRICT_OBJC_MSGSEND = YES;
				ENABLE_TESTABILITY = YES;
				ENABLE_USER_SCRIPT_SANDBOXING = YES;
				GCC_C_LANGUAGE_STANDARD = gnu17;
				GCC_DYNAMIC_NO_PIC = NO;
				GCC_NO_COMMON_BLOCKS = YES;
				GCC_OPTIMIZATION_LEVEL = 0;
				GCC_PREPROCESSOR_DEFINITIONS = (
					"DEBUG=1",
					"$(inherited)",
				);
				GCC_WARN_64_TO_32_BIT_CONVERSION = YES;
				GCC_WARN_ABOUT_RETURN_TYPE = YES_ERROR;
				GCC_WARN_UNDECLARED_SELECTOR = YES;
				GCC_WARN_UNINITIALIZED_AUTOS = YES_AGGRESSIVE;
				GCC_WARN_UNUSED_FUNCTION = YES;
				GCC_WARN_UNUSED_VARIABLE = YES;
				LOCALIZATION_PREFERS_STRING_CATALOGS = YES;
				MACOSX_DEPLOYMENT_TARGET = 14.0;
				MTL_ENABLE_DEBUG_INFO = INCLUDE_SOURCE;
				MTL_FAST_MATH = YES;
				ONLY_ACTIVE_ARCH = YES;
				SDKROOT = macosx;
				SWIFT_ACTIVE_COMPILATION_CONDITIONS = "DEBUG $(inherited)";
				SWIFT_OPTIMIZATION_LEVEL = "-Onone";
			};
			name = Debug;
		};
		F91AE7122C0B875A0045D6F5 /* Release */ = {
			isa = XCBuildConfiguration;
			buildSettings = {
				ALWAYS_SEARCH_USER_PATHS = NO;
				ASSETCATALOG_COMPILER_GENERATE_SWIFT_ASSET_SYMBOL_EXTENSIONS = YES;
				CLANG_ANALYZER_NONNULL = YES;
				CLANG_ANALYZER_NUMBER_OBJECT_CONVERSION = YES_AGGRESSIVE;
				CLANG_CXX_LANGUAGE_STANDARD = "gnu++20";
				CLANG_ENABLE_MODULES = YES;
				CLANG_ENABLE_OBJC_ARC = YES;
				CLANG_ENABLE_OBJC_WEAK = YES;
				CLANG_WARN_BLOCK_CAPTURE_AUTORELEASING = YES;
				CLANG_WARN_BOOL_CONVERSION = YES;
				CLANG_WARN_COMMA = YES;
				CLANG_WARN_CONSTANT_CONVERSION = YES;
				CLANG_WARN_DEPRECATED_OBJC_IMPLEMENTATIONS = YES;
				CLANG_WARN_DIRECT_OBJC_ISA_USAGE = YES_ERROR;
				CLANG_WARN_DOCUMENTATION_COMMENTS = YES;
				CLANG_WARN_EMPTY_BODY = YES;
				CLANG_WARN_ENUM_CONVERSION = YES;
				CLANG_WARN_INFINITE_RECURSION = YES;
				CLANG_WARN_INT_CONVERSION = YES;
				CLANG_WARN_NON_LITERAL_NULL_CONVERSION = YES;
				CLANG_WARN_OBJC_IMPLICIT_RETAIN_SELF = YES;
				CLANG_WARN_OBJC_LITERAL_CONVERSION = YES;
				CLANG_WARN_OBJC_ROOT_CLASS = YES_ERROR;
				CLANG_WARN_QUOTED_INCLUDE_IN_FRAMEWORK_HEADER = YES;
				CLANG_WARN_RANGE_LOOP_ANALYSIS = YES;
				CLANG_WARN_STRICT_PROTOTYPES = YES;
				CLANG_WARN_SUSPICIOUS_MOVE = YES;
				CLANG_WARN_UNGUARDED_AVAILABILITY = YES_AGGRESSIVE;
				CLANG_WARN_UNREACHABLE_CODE = YES;
				CLANG_WARN__DUPLICATE_METHOD_MATCH = YES;
				COPY_PHASE_STRIP = NO;
				DEAD_CODE_STRIPPING = YES;
				DEBUG_INFORMATION_FORMAT = "dwarf-with-dsym";
				ENABLE_NS_ASSERTIONS = NO;
				ENABLE_STRICT_OBJC_MSGSEND = YES;
				ENABLE_USER_SCRIPT_SANDBOXING = YES;
				GCC_C_LANGUAGE_STANDARD = gnu17;
				GCC_NO_COMMON_BLOCKS = YES;
				GCC_WARN_64_TO_32_BIT_CONVERSION = YES;
				GCC_WARN_ABOUT_RETURN_TYPE = YES_ERROR;
				GCC_WARN_UNDECLARED_SELECTOR = YES;
				GCC_WARN_UNINITIALIZED_AUTOS = YES_AGGRESSIVE;
				GCC_WARN_UNUSED_FUNCTION = YES;
				GCC_WARN_UNUSED_VARIABLE = YES;
				LOCALIZATION_PREFERS_STRING_CATALOGS = YES;
				MACOSX_DEPLOYMENT_TARGET = 14.0;
				MTL_ENABLE_DEBUG_INFO = NO;
				MTL_FAST_MATH = YES;
				SDKROOT = macosx;
				SWIFT_COMPILATION_MODE = wholemodule;
			};
			name = Release;
		};
		F91AE7142C0B875A0045D6F5 /* Debug */ = {
			isa = XCBuildConfiguration;
			buildSettings = {
				ASSETCATALOG_COMPILER_APPICON_NAME = AppIcon;
				ASSETCATALOG_COMPILER_GLOBAL_ACCENT_COLOR_NAME = AccentColor;
				CODE_SIGN_ENTITLEMENTS = BlessqlNative/BlessqlNative.entitlements;
				CODE_SIGN_STYLE = Automatic;
				COMBINE_HIDPI_IMAGES = YES;
				CURRENT_PROJECT_VERSION = 1;
				DEAD_CODE_STRIPPING = YES;
				DEVELOPMENT_ASSET_PATHS = "\"BlessqlNative/Preview Content\"";
				DEVELOPMENT_TEAM = V8532TS6AU;
				ENABLE_HARDENED_RUNTIME = YES;
				ENABLE_PREVIEWS = YES;
				GENERATE_INFOPLIST_FILE = YES;
				INFOPLIST_KEY_CFBundleDisplayName = blessql;
				INFOPLIST_KEY_LSApplicationCategoryType = "public.app-category.developer-tools";
				INFOPLIST_KEY_NSHumanReadableCopyright = "";
				LD_RUNPATH_SEARCH_PATHS = (
					"$(inherited)",
					"@executable_path/../Frameworks",
				);
				MACOSX_DEPLOYMENT_TARGET = 14.0;
				MARKETING_VERSION = 0.2.0;
				PRODUCT_BUNDLE_IDENTIFIER = keepgoing.Blessql;
				PRODUCT_NAME = "$(TARGET_NAME)";
				SWIFT_EMIT_LOC_STRINGS = YES;
				SWIFT_VERSION = 5.0;
			};
			name = Debug;
		};
		F91AE7152C0B875A0045D6F5 /* Release */ = {
			isa = XCBuildConfiguration;
			buildSettings = {
				ASSETCATALOG_COMPILER_APPICON_NAME = AppIcon;
				ASSETCATALOG_COMPILER_GLOBAL_ACCENT_COLOR_NAME = AccentColor;
				CODE_SIGN_ENTITLEMENTS = BlessqlNative/BlessqlNative.entitlements;
				CODE_SIGN_STYLE = Automatic;
				COMBINE_HIDPI_IMAGES = YES;
				CURRENT_PROJECT_VERSION = 1;
				DEAD_CODE_STRIPPING = YES;
				DEVELOPMENT_ASSET_PATHS = "\"BlessqlNative/Preview Content\"";
				DEVELOPMENT_TEAM = V8532TS6AU;
				ENABLE_HARDENED_RUNTIME = YES;
				ENABLE_PREVIEWS = YES;
				GENERATE_INFOPLIST_FILE = YES;
				INFOPLIST_KEY_CFBundleDisplayName = blessql;
				INFOPLIST_KEY_LSApplicationCategoryType = "public.app-category.developer-tools";
				INFOPLIST_KEY_NSHumanReadableCopyright = "";
				LD_RUNPATH_SEARCH_PATHS = (
					"$(inherited)",
					"@executable_path/../Frameworks",
				);
				MACOSX_DEPLOYMENT_TARGET = 14.0;
				MARKETING_VERSION = 0.2.0;
				PRODUCT_BUNDLE_IDENTIFIER = keepgoing.Blessql;
				PRODUCT_NAME = "$(TARGET_NAME)";
				SWIFT_EMIT_LOC_STRINGS = YES;
				SWIFT_VERSION = 5.0;
			};
			name = Release;
		};
/* End XCBuildConfiguration section */

/* Begin XCConfigurationList section */
		F91AE6FF2C0B87590045D6F5 /* Build configuration list for PBXProject "BlessqlNative" */ = {
			isa = XCConfigurationList;
			buildConfigurations = (
				F91AE7112C0B875A0045D6F5 /* Debug */,
				F91AE7122C0B875A0045D6F5 /* Release */,
			);
			defaultConfigurationIsVisible = 0;
			defaultConfigurationName = Release;
		};
		F91AE7132C0B875A0045D6F5 /* Build configuration list for PBXNativeTarget "BlessqlNative" */ = {
			isa = XCConfigurationList;
			buildConfigurations = (
				F91AE7142C0B875A0045D6F5 /* Debug */,
				F91AE7152C0B875A0045D6F5 /* Release */,
			);
			defaultConfigurationIsVisible = 0;
			defaultConfigurationName = Release;
		};
/* End XCConfigurationList section */

/* Begin XCRemoteSwiftPackageReference section */
		F91C94FA2C28871200F3A94E /* XCRemoteSwiftPackageReference "PostgresClientKit" */ = {
			isa = XCRemoteSwiftPackageReference;
			repositoryURL = "https://github.com/codewinsdotcom/PostgresClientKit";
			requirement = {
				branch = master;
				kind = branch;
			};
		};
/* End XCRemoteSwiftPackageReference section */

/* Begin XCSwiftPackageProductDependency section */
		F91C94FB2C28871200F3A94E /* PostgresClientKit */ = {
			isa = XCSwiftPackageProductDependency;
			package = F91C94FA2C28871200F3A94E /* XCRemoteSwiftPackageReference "PostgresClientKit" */;
			productName = PostgresClientKit;
		};
/* End XCSwiftPackageProductDependency section */
	};
	rootObject = F91AE6FC2C0B87590045D6F5 /* Project object */;
}
